
Microsoft Visual Studio Solution File, Format Version 12.00
# Visual Studio Version 17
VisualStudioVersion = 17.14.36414.22 d17.14
MinimumVisualStudioVersion = 10.0.40219.1
Project("{FAE04EC0-301F-11D3-BF4B-00C04F79EFBC}") = "ProgramConfig", "ProgramConfig\ProgramConfig.csproj", "{5273CA48-F517-46EA-AEAC-985233EAC3C6}"
EndProject
Global
	GlobalSection(SolutionConfigurationPlatforms) = preSolution
		Debug|Any CPU = Debug|Any CPU
		Release|Any CPU = Release|Any CPU
	EndGlobalSection
	GlobalSection(ProjectConfigurationPlatforms) = postSolution
		{5273CA48-F517-46EA-AEAC-985233EAC3C6}.Debug|Any CPU.ActiveCfg = Debug|Any CPU
		{5273CA48-F517-46EA-AEAC-985233EAC3C6}.Debug|Any CPU.Build.0 = Debug|Any CPU
		{5273CA48-F517-46EA-AEAC-985233EAC3C6}.Release|Any CPU.ActiveCfg = Release|Any CPU
		{5273CA48-F517-46EA-AEAC-985233EAC3C6}.Release|Any CPU.Build.0 = Release|Any CPU
	EndGlobalSection
	GlobalSection(SolutionProperties) = preSolution
		HideSolutionNode = FALSE
	EndGlobalSection
	GlobalSection(ExtensibilityGlobals) = postSolution
		SolutionGuid = {822C14E0-9D1F-4918-8ED4-E8AEE7F4D545}
	EndGlobalSection
EndGlobal
